
Microsoft Visual Studio Solution File, Format Version 12.00
# Visual Studio Version 17
VisualStudioVersion = 17.7.34202.233
MinimumVisualStudioVersion = 10.0.40219.1
Project("{8BC9CEB8-8B4A-11D0-8D11-00A0C91BC942}") = "Vezba3.2b", "Vezba3.2b.vcxproj", "{739E952A-3815-4BAA-AAA5-1AAA0D4BDCBD}"
EndProject
Global
	GlobalSection(SolutionConfigurationPlatforms) = preSolution
		Debug|x64 = Debug|x64
		Debug|x86 = Debug|x86
		Release|x64 = Release|x64
		Release|x86 = Release|x86
	EndGlobalSection
	GlobalSection(ProjectConfigurationPlatforms) = postSolution
		{739E952A-3815-4BAA-AAA5-1AAA0D4BDCBD}.Debug|x64.ActiveCfg = Debug|x64
		{739E952A-3815-4BAA-AAA5-1AAA0D4BDCBD}.Debug|x64.Build.0 = Debug|x64
		{739E952A-3815-4BAA-AAA5-1AAA0D4BDCBD}.Debug|x86.ActiveCfg = Debug|Win32
		{739E952A-3815-4BAA-AAA5-1AAA0D4BDCBD}.Debug|x86.Build.0 = Debug|Win32
		{739E952A-3815-4BAA-AAA5-1AAA0D4BDCBD}.Release|x64.ActiveCfg = Release|x64
		{739E952A-3815-4BAA-AAA5-1AAA0D4BDCBD}.Release|x64.Build.0 = Release|x64
		{739E952A-3815-4BAA-AAA5-1AAA0D4BDCBD}.Release|x86.ActiveCfg = Release|Win32
		{739E952A-3815-4BAA-AAA5-1AAA0D4BDCBD}.Release|x86.Build.0 = Release|Win32
	EndGlobalSection
	GlobalSection(SolutionProperties) = preSolution
		HideSolutionNode = FALSE
	EndGlobalSection
	GlobalSection(ExtensibilityGlobals) = postSolution
		SolutionGuid = {446BDAAD-C535-4730-ACBC-4A59C3B43592}
	EndGlobalSection
EndGlobal
